
Microsoft Visual Studio Solution File, Format Version 12.00
# Visual Studio Version 16
VisualStudioVersion = 16.0.29215.179
MinimumVisualStudioVersion = 10.0.40219.1
Project("{FAE04EC0-301F-11D3-BF4B-00C04F79EFBC}") = "ClassProject-Deliverable3-Arrays", "ClassProject-Deliverable3-Arrays.csproj", "{870959B4-3795-42D9-9405-CCBB0403777C}"
EndProject
Global
	GlobalSection(SolutionConfigurationPlatforms) = preSolution
		Debug|Any CPU = Debug|Any CPU
		Release|Any CPU = Release|Any CPU
	EndGlobalSection
	GlobalSection(ProjectConfigurationPlatforms) = postSolution
		{870959B4-3795-42D9-9405-CCBB0403777C}.Debug|Any CPU.ActiveCfg = Debug|Any CPU
		{870959B4-3795-42D9-9405-CCBB0403777C}.Debug|Any CPU.Build.0 = Debug|Any CPU
		{870959B4-3795-42D9-9405-CCBB0403777C}.Release|Any CPU.ActiveCfg = Release|Any CPU
		{870959B4-3795-42D9-9405-CCBB0403777C}.Release|Any CPU.Build.0 = Release|Any CPU
	EndGlobalSection
	GlobalSection(SolutionProperties) = preSolution
		HideSolutionNode = FALSE
	EndGlobalSection
	GlobalSection(ExtensibilityGlobals) = postSolution
		SolutionGuid = {4B9DCA78-E018-4B7D-B0F7-7572DE0896B1}
	EndGlobalSection
EndGlobal
